
Microsoft Visual Studio Solution File, Format Version 11.00
# Visual Studio 2010
Project("{FAE04EC0-301F-11D3-BF4B-00C04F79EFBC}") = "PhotonUnityNetworking.Utilities", "PhotonUnityNetworking.Utilities.csproj", "{EF3E2EEF-CC87-B68C-D683-86AF1823E1F6}"
EndProject
Project("{FAE04EC0-301F-11D3-BF4B-00C04F79EFBC}") = "Assembly-CSharp", "Assembly-CSharp.csproj", "{5553FD2D-3EED-8C94-93D4-B740DEA00F66}"
EndProject
Project("{FAE04EC0-301F-11D3-BF4B-00C04F79EFBC}") = "PhotonUnityNetworking", "PhotonUnityNetworking.csproj", "{1C53D3DF-AA96-BE8D-AE71-D5263D1BC5F2}"
EndProject
Project("{FAE04EC0-301F-11D3-BF4B-00C04F79EFBC}") = "PhotonChat", "PhotonChat.csproj", "{17C53491-3DA1-1475-C10B-86015A3BFE98}"
EndProject
Project("{FAE04EC0-301F-11D3-BF4B-00C04F79EFBC}") = "PhotonRealtime", "PhotonRealtime.csproj", "{0B343A3F-2222-12CF-2526-20BA8F9BB735}"
EndProject
Project("{FAE04EC0-301F-11D3-BF4B-00C04F79EFBC}") = "PhotonUnityNetworking.Editor", "PhotonUnityNetworking.Editor.csproj", "{FE8108C2-9B49-1521-BF10-43628F6440E8}"
EndProject
Project("{FAE04EC0-301F-11D3-BF4B-00C04F79EFBC}") = "PhotonUnityNetworking.Utilities.PhotonPlayer.Editor", "PhotonUnityNetworking.Utilities.PhotonPlayer.Editor.csproj", "{4B4A8BBA-472C-513C-B8DC-0E29B2478C68}"
EndProject
Project("{FAE04EC0-301F-11D3-BF4B-00C04F79EFBC}") = "PhotonUnityNetworking.Utilities.Culling.Editor", "PhotonUnityNetworking.Utilities.Culling.Editor.csproj", "{39C755B6-A469-3519-37EB-0A951AB0B98A}"
EndProject
Global
	GlobalSection(SolutionConfigurationPlatforms) = preSolution
		Debug|Any CPU = Debug|Any CPU
		Release|Any CPU = Release|Any CPU
	EndGlobalSection
	GlobalSection(ProjectConfigurationPlatforms) = postSolution
		{EF3E2EEF-CC87-B68C-D683-86AF1823E1F6}.Debug|Any CPU.ActiveCfg = Debug|Any CPU
		{EF3E2EEF-CC87-B68C-D683-86AF1823E1F6}.Debug|Any CPU.Build.0 = Debug|Any CPU
		{EF3E2EEF-CC87-B68C-D683-86AF1823E1F6}.Release|Any CPU.ActiveCfg = Release|Any CPU
		{EF3E2EEF-CC87-B68C-D683-86AF1823E1F6}.Release|Any CPU.Build.0 = Release|Any CPU
		{5553FD2D-3EED-8C94-93D4-B740DEA00F66}.Debug|Any CPU.ActiveCfg = Debug|Any CPU
		{5553FD2D-3EED-8C94-93D4-B740DEA00F66}.Debug|Any CPU.Build.0 = Debug|Any CPU
		{5553FD2D-3EED-8C94-93D4-B740DEA00F66}.Release|Any CPU.ActiveCfg = Release|Any CPU
		{5553FD2D-3EED-8C94-93D4-B740DEA00F66}.Release|Any CPU.Build.0 = Release|Any CPU
		{1C53D3DF-AA96-BE8D-AE71-D5263D1BC5F2}.Debug|Any CPU.ActiveCfg = Debug|Any CPU
		{1C53D3DF-AA96-BE8D-AE71-D5263D1BC5F2}.Debug|Any CPU.Build.0 = Debug|Any CPU
		{1C53D3DF-AA96-BE8D-AE71-D5263D1BC5F2}.Release|Any CPU.ActiveCfg = Release|Any CPU
		{1C53D3DF-AA96-BE8D-AE71-D5263D1BC5F2}.Release|Any CPU.Build.0 = Release|Any CPU
		{17C53491-3DA1-1475-C10B-86015A3BFE98}.Debug|Any CPU.ActiveCfg = Debug|Any CPU
		{17C53491-3DA1-1475-C10B-86015A3BFE98}.Debug|Any CPU.Build.0 = Debug|Any CPU
		{17C53491-3DA1-1475-C10B-86015A3BFE98}.Release|Any CPU.ActiveCfg = Release|Any CPU
		{17C53491-3DA1-1475-C10B-86015A3BFE98}.Release|Any CPU.Build.0 = Release|Any CPU
		{0B343A3F-2222-12CF-2526-20BA8F9BB735}.Debug|Any CPU.ActiveCfg = Debug|Any CPU
		{0B343A3F-2222-12CF-2526-20BA8F9BB735}.Debug|Any CPU.Build.0 = Debug|Any CPU
		{0B343A3F-2222-12CF-2526-20BA8F9BB735}.Release|Any CPU.ActiveCfg = Release|Any CPU
		{0B343A3F-2222-12CF-2526-20BA8F9BB735}.Release|Any CPU.Build.0 = Release|Any CPU
		{FE8108C2-9B49-1521-BF10-43628F6440E8}.Debug|Any CPU.ActiveCfg = Debug|Any CPU
		{FE8108C2-9B49-1521-BF10-43628F6440E8}.Debug|Any CPU.Build.0 = Debug|Any CPU
		{FE8108C2-9B49-1521-BF10-43628F6440E8}.Release|Any CPU.ActiveCfg = Release|Any CPU
		{FE8108C2-9B49-1521-BF10-43628F6440E8}.Release|Any CPU.Build.0 = Release|Any CPU
		{4B4A8BBA-472C-513C-B8DC-0E29B2478C68}.Debug|Any CPU.ActiveCfg = Debug|Any CPU
		{4B4A8BBA-472C-513C-B8DC-0E29B2478C68}.Debug|Any CPU.Build.0 = Debug|Any CPU
		{4B4A8BBA-472C-513C-B8DC-0E29B2478C68}.Release|Any CPU.ActiveCfg = Release|Any CPU
		{4B4A8BBA-472C-513C-B8DC-0E29B2478C68}.Release|Any CPU.Build.0 = Release|Any CPU
		{39C755B6-A469-3519-37EB-0A951AB0B98A}.Debug|Any CPU.ActiveCfg = Debug|Any CPU
		{39C755B6-A469-3519-37EB-0A951AB0B98A}.Debug|Any CPU.Build.0 = Debug|Any CPU
		{39C755B6-A469-3519-37EB-0A951AB0B98A}.Release|Any CPU.ActiveCfg = Release|Any CPU
		{39C755B6-A469-3519-37EB-0A951AB0B98A}.Release|Any CPU.Build.0 = Release|Any CPU
	EndGlobalSection
	GlobalSection(SolutionProperties) = preSolution
		HideSolutionNode = FALSE
	EndGlobalSection
EndGlobal
